
Microsoft Visual Studio Solution File, Format Version 12.00
# Visual Studio 15
Project("{FAE04EC0-301F-11D3-BF4B-00C04F79EFBC}") = "Assembly-CSharp", "Assembly-CSharp.csproj", "{1B839A4D-B4C4-0BF1-9447-F1732F554108}"
EndProject
Project("{FAE04EC0-301F-11D3-BF4B-00C04F79EFBC}") = "Assembly-CSharp-Editor", "Assembly-CSharp-Editor.csproj", "{8DCC562B-A119-25D4-0B17-8EC0ACBD0675}"
EndProject
Global
	GlobalSection(SolutionConfigurationPlatforms) = preSolution
		Debug|Any CPU = Debug|Any CPU
		Release|Any CPU = Release|Any CPU
	EndGlobalSection
	GlobalSection(ProjectConfigurationPlatforms) = postSolution
		{1B839A4D-B4C4-0BF1-9447-F1732F554108}.Debug|Any CPU.ActiveCfg = Debug|Any CPU
		{1B839A4D-B4C4-0BF1-9447-F1732F554108}.Debug|Any CPU.Build.0 = Debug|Any CPU
		{1B839A4D-B4C4-0BF1-9447-F1732F554108}.Release|Any CPU.ActiveCfg = Release|Any CPU
		{1B839A4D-B4C4-0BF1-9447-F1732F554108}.Release|Any CPU.Build.0 = Release|Any CPU
		{8DCC562B-A119-25D4-0B17-8EC0ACBD0675}.Debug|Any CPU.ActiveCfg = Debug|Any CPU
		{8DCC562B-A119-25D4-0B17-8EC0ACBD0675}.Debug|Any CPU.Build.0 = Debug|Any CPU
		{8DCC562B-A119-25D4-0B17-8EC0ACBD0675}.Release|Any CPU.ActiveCfg = Release|Any CPU
		{8DCC562B-A119-25D4-0B17-8EC0ACBD0675}.Release|Any CPU.Build.0 = Release|Any CPU
	EndGlobalSection
	GlobalSection(SolutionProperties) = preSolution
		HideSolutionNode = FALSE
	EndGlobalSection
EndGlobal
